
Microsoft Visual Studio Solution File, Format Version 12.00
# Visual Studio Version 17
VisualStudioVersion = 17.14.36401.2
MinimumVisualStudioVersion = 10.0.40219.1
Project("{FAE04EC0-301F-11D3-BF4B-00C04F79EFBC}") = "EatDomicile.Core", "EatDomicile.Core\EatDomicile.Core.csproj", "{4F6879D5-7648-4877-8D54-513AF8098A1E}"
EndProject
Project("{FAE04EC0-301F-11D3-BF4B-00C04F79EFBC}") = "EatDomicile.API", "EatDomicile.API\EatDomicile.API.csproj", "{056A5561-9B66-40D6-8203-7311AB3EFA5E}"
EndProject
Project("{2150E333-8FDC-42A3-9474-1A3956D46DE8}") = "old", "old", "{02EA681E-C7D8-13C7-8484-4AC65E1B71E8}"
EndProject
Project("{FAE04EC0-301F-11D3-BF4B-00C04F79EFBC}") = "EatDomicile.Web.Services", "EatDomicile.Web.Services\EatDomicile.Web.Services.csproj", "{779FC6B7-B444-4333-8DE6-834E311B4B49}"
EndProject
Project("{FAE04EC0-301F-11D3-BF4B-00C04F79EFBC}") = "EatDomicile.Web", "EatDomicile.Web\EatDomicile.Web.csproj", "{2E6351DD-37EA-719F-8A4B-C2AB9FAAECEA}"
EndProject
Global
	GlobalSection(SolutionConfigurationPlatforms) = preSolution
		Debug|Any CPU = Debug|Any CPU
		Release|Any CPU = Release|Any CPU
	EndGlobalSection
	GlobalSection(ProjectConfigurationPlatforms) = postSolution
		{4F6879D5-7648-4877-8D54-513AF8098A1E}.Debug|Any CPU.ActiveCfg = Debug|Any CPU
		{4F6879D5-7648-4877-8D54-513AF8098A1E}.Debug|Any CPU.Build.0 = Debug|Any CPU
		{4F6879D5-7648-4877-8D54-513AF8098A1E}.Release|Any CPU.ActiveCfg = Release|Any CPU
		{4F6879D5-7648-4877-8D54-513AF8098A1E}.Release|Any CPU.Build.0 = Release|Any CPU
		{056A5561-9B66-40D6-8203-7311AB3EFA5E}.Debug|Any CPU.ActiveCfg = Debug|Any CPU
		{056A5561-9B66-40D6-8203-7311AB3EFA5E}.Debug|Any CPU.Build.0 = Debug|Any CPU
		{056A5561-9B66-40D6-8203-7311AB3EFA5E}.Release|Any CPU.ActiveCfg = Release|Any CPU
		{056A5561-9B66-40D6-8203-7311AB3EFA5E}.Release|Any CPU.Build.0 = Release|Any CPU
		{779FC6B7-B444-4333-8DE6-834E311B4B49}.Debug|Any CPU.ActiveCfg = Debug|Any CPU
		{779FC6B7-B444-4333-8DE6-834E311B4B49}.Debug|Any CPU.Build.0 = Debug|Any CPU
		{779FC6B7-B444-4333-8DE6-834E311B4B49}.Release|Any CPU.ActiveCfg = Release|Any CPU
		{779FC6B7-B444-4333-8DE6-834E311B4B49}.Release|Any CPU.Build.0 = Release|Any CPU
		{2E6351DD-37EA-719F-8A4B-C2AB9FAAECEA}.Debug|Any CPU.ActiveCfg = Debug|Any CPU
		{2E6351DD-37EA-719F-8A4B-C2AB9FAAECEA}.Debug|Any CPU.Build.0 = Debug|Any CPU
		{2E6351DD-37EA-719F-8A4B-C2AB9FAAECEA}.Release|Any CPU.ActiveCfg = Release|Any CPU
		{2E6351DD-37EA-719F-8A4B-C2AB9FAAECEA}.Release|Any CPU.Build.0 = Release|Any CPU
	EndGlobalSection
	GlobalSection(SolutionProperties) = preSolution
		HideSolutionNode = FALSE
	EndGlobalSection
	GlobalSection(NestedProjects) = preSolution
	EndGlobalSection
	GlobalSection(ExtensibilityGlobals) = postSolution
		SolutionGuid = {67BC497E-7003-47B0-BF96-B09340BEA777}
	EndGlobalSection
EndGlobal
